
Microsoft Visual Studio Solution File, Format Version 12.00
# Visual Studio Version 17
VisualStudioVersion = 17.13.35919.96
MinimumVisualStudioVersion = 10.0.40219.1
Project("{FAE04EC0-301F-11D3-BF4B-00C04F79EFBC}") = "myWPF", "myWPF\myWPF.csproj", "{C96FC945-866C-4551-BF17-00858B3C9E3E}"
EndProject
Project("{FAE04EC0-301F-11D3-BF4B-00C04F79EFBC}") = "Ex1", "Ex1\Ex1.csproj", "{83E450A2-49C4-4D94-BE40-C0FF86343432}"
EndProject
Project("{FAE04EC0-301F-11D3-BF4B-00C04F79EFBC}") = "Ex2", "Ex2\Ex2.csproj", "{626FA27F-48E1-4E0D-BB65-3A5A1CCEC36B}"
EndProject
Project("{FAE04EC0-301F-11D3-BF4B-00C04F79EFBC}") = "Ex3", "Ex3\Ex3.csproj", "{6D6D8AEF-767C-4FAA-AB94-9CD11C5D67D0}"
EndProject
Project("{FAE04EC0-301F-11D3-BF4B-00C04F79EFBC}") = "CANVAS", "CANVAS\CANVAS.csproj", "{A55E17A9-A2B9-45A6-A57C-74C01F9E5965}"
EndProject
Project("{FAE04EC0-301F-11D3-BF4B-00C04F79EFBC}") = "Ex1_Sketch", "Ex1_Sketch\Ex1_Sketch.csproj", "{953AE150-1E16-45E3-92EA-E48E77D76B4C}"
EndProject
Project("{FAE04EC0-301F-11D3-BF4B-00C04F79EFBC}") = "STACK_PANEL", "STACK_PANEL\STACK_PANEL.csproj", "{D8D187D9-D273-4A65-A132-EBF272A7A268}"
EndProject
Project("{FAE04EC0-301F-11D3-BF4B-00C04F79EFBC}") = "DOCK_PANEL", "DOCK_PANEL\DOCK_PANEL.csproj", "{52B04A1A-2CF6-4EF3-BD37-802F88307A09}"
EndProject
Project("{FAE04EC0-301F-11D3-BF4B-00C04F79EFBC}") = "Ex2_Dialog", "Ex2_Dialog\Ex2_Dialog.csproj", "{E6C4330A-84A5-42FD-9F97-E157A5A93EF1}"
EndProject
Project("{FAE04EC0-301F-11D3-BF4B-00C04F79EFBC}") = "GRID", "GRID\GRID.csproj", "{71B79F1C-C385-4F0D-B116-B27E6DA299CC}"
EndProject
Project("{FAE04EC0-301F-11D3-BF4B-00C04F79EFBC}") = "LINQ", "LINQ\LINQ.csproj", "{C2B3E2B5-ED65-497C-8200-F5D6E158A803}"
EndProject
Project("{FAE04EC0-301F-11D3-BF4B-00C04F79EFBC}") = "GRIDSPLITTER", "GRIDSPLITTER\GRIDSPLITTER.csproj", "{F5A2A93D-868D-4E06-ABF1-C007FE67FF7F}"
EndProject
Global
	GlobalSection(SolutionConfigurationPlatforms) = preSolution
		Debug|Any CPU = Debug|Any CPU
		Release|Any CPU = Release|Any CPU
	EndGlobalSection
	GlobalSection(ProjectConfigurationPlatforms) = postSolution
		{C96FC945-866C-4551-BF17-00858B3C9E3E}.Debug|Any CPU.ActiveCfg = Debug|Any CPU
		{C96FC945-866C-4551-BF17-00858B3C9E3E}.Debug|Any CPU.Build.0 = Debug|Any CPU
		{C96FC945-866C-4551-BF17-00858B3C9E3E}.Release|Any CPU.ActiveCfg = Release|Any CPU
		{C96FC945-866C-4551-BF17-00858B3C9E3E}.Release|Any CPU.Build.0 = Release|Any CPU
		{83E450A2-49C4-4D94-BE40-C0FF86343432}.Debug|Any CPU.ActiveCfg = Debug|Any CPU
		{83E450A2-49C4-4D94-BE40-C0FF86343432}.Debug|Any CPU.Build.0 = Debug|Any CPU
		{83E450A2-49C4-4D94-BE40-C0FF86343432}.Release|Any CPU.ActiveCfg = Release|Any CPU
		{83E450A2-49C4-4D94-BE40-C0FF86343432}.Release|Any CPU.Build.0 = Release|Any CPU
		{626FA27F-48E1-4E0D-BB65-3A5A1CCEC36B}.Debug|Any CPU.ActiveCfg = Debug|Any CPU
		{626FA27F-48E1-4E0D-BB65-3A5A1CCEC36B}.Debug|Any CPU.Build.0 = Debug|Any CPU
		{626FA27F-48E1-4E0D-BB65-3A5A1CCEC36B}.Release|Any CPU.ActiveCfg = Release|Any CPU
		{626FA27F-48E1-4E0D-BB65-3A5A1CCEC36B}.Release|Any CPU.Build.0 = Release|Any CPU
		{6D6D8AEF-767C-4FAA-AB94-9CD11C5D67D0}.Debug|Any CPU.ActiveCfg = Debug|Any CPU
		{6D6D8AEF-767C-4FAA-AB94-9CD11C5D67D0}.Debug|Any CPU.Build.0 = Debug|Any CPU
		{6D6D8AEF-767C-4FAA-AB94-9CD11C5D67D0}.Release|Any CPU.ActiveCfg = Release|Any CPU
		{6D6D8AEF-767C-4FAA-AB94-9CD11C5D67D0}.Release|Any CPU.Build.0 = Release|Any CPU
		{A55E17A9-A2B9-45A6-A57C-74C01F9E5965}.Debug|Any CPU.ActiveCfg = Debug|Any CPU
		{A55E17A9-A2B9-45A6-A57C-74C01F9E5965}.Debug|Any CPU.Build.0 = Debug|Any CPU
		{A55E17A9-A2B9-45A6-A57C-74C01F9E5965}.Release|Any CPU.ActiveCfg = Release|Any CPU
		{A55E17A9-A2B9-45A6-A57C-74C01F9E5965}.Release|Any CPU.Build.0 = Release|Any CPU
		{953AE150-1E16-45E3-92EA-E48E77D76B4C}.Debug|Any CPU.ActiveCfg = Debug|Any CPU
		{953AE150-1E16-45E3-92EA-E48E77D76B4C}.Debug|Any CPU.Build.0 = Debug|Any CPU
		{953AE150-1E16-45E3-92EA-E48E77D76B4C}.Release|Any CPU.ActiveCfg = Release|Any CPU
		{953AE150-1E16-45E3-92EA-E48E77D76B4C}.Release|Any CPU.Build.0 = Release|Any CPU
		{D8D187D9-D273-4A65-A132-EBF272A7A268}.Debug|Any CPU.ActiveCfg = Debug|Any CPU
		{D8D187D9-D273-4A65-A132-EBF272A7A268}.Debug|Any CPU.Build.0 = Debug|Any CPU
		{D8D187D9-D273-4A65-A132-EBF272A7A268}.Release|Any CPU.ActiveCfg = Release|Any CPU
		{D8D187D9-D273-4A65-A132-EBF272A7A268}.Release|Any CPU.Build.0 = Release|Any CPU
		{52B04A1A-2CF6-4EF3-BD37-802F88307A09}.Debug|Any CPU.ActiveCfg = Debug|Any CPU
		{52B04A1A-2CF6-4EF3-BD37-802F88307A09}.Debug|Any CPU.Build.0 = Debug|Any CPU
		{52B04A1A-2CF6-4EF3-BD37-802F88307A09}.Release|Any CPU.ActiveCfg = Release|Any CPU
		{52B04A1A-2CF6-4EF3-BD37-802F88307A09}.Release|Any CPU.Build.0 = Release|Any CPU
		{E6C4330A-84A5-42FD-9F97-E157A5A93EF1}.Debug|Any CPU.ActiveCfg = Debug|Any CPU
		{E6C4330A-84A5-42FD-9F97-E157A5A93EF1}.Debug|Any CPU.Build.0 = Debug|Any CPU
		{E6C4330A-84A5-42FD-9F97-E157A5A93EF1}.Release|Any CPU.ActiveCfg = Release|Any CPU
		{E6C4330A-84A5-42FD-9F97-E157A5A93EF1}.Release|Any CPU.Build.0 = Release|Any CPU
		{71B79F1C-C385-4F0D-B116-B27E6DA299CC}.Debug|Any CPU.ActiveCfg = Debug|Any CPU
		{71B79F1C-C385-4F0D-B116-B27E6DA299CC}.Debug|Any CPU.Build.0 = Debug|Any CPU
		{71B79F1C-C385-4F0D-B116-B27E6DA299CC}.Release|Any CPU.ActiveCfg = Release|Any CPU
		{71B79F1C-C385-4F0D-B116-B27E6DA299CC}.Release|Any CPU.Build.0 = Release|Any CPU
		{C2B3E2B5-ED65-497C-8200-F5D6E158A803}.Debug|Any CPU.ActiveCfg = Debug|Any CPU
		{C2B3E2B5-ED65-497C-8200-F5D6E158A803}.Debug|Any CPU.Build.0 = Debug|Any CPU
		{C2B3E2B5-ED65-497C-8200-F5D6E158A803}.Release|Any CPU.ActiveCfg = Release|Any CPU
		{C2B3E2B5-ED65-497C-8200-F5D6E158A803}.Release|Any CPU.Build.0 = Release|Any CPU
		{F5A2A93D-868D-4E06-ABF1-C007FE67FF7F}.Debug|Any CPU.ActiveCfg = Debug|Any CPU
		{F5A2A93D-868D-4E06-ABF1-C007FE67FF7F}.Debug|Any CPU.Build.0 = Debug|Any CPU
		{F5A2A93D-868D-4E06-ABF1-C007FE67FF7F}.Release|Any CPU.ActiveCfg = Release|Any CPU
		{F5A2A93D-868D-4E06-ABF1-C007FE67FF7F}.Release|Any CPU.Build.0 = Release|Any CPU
	EndGlobalSection
	GlobalSection(SolutionProperties) = preSolution
		HideSolutionNode = FALSE
	EndGlobalSection
	GlobalSection(ExtensibilityGlobals) = postSolution
		SolutionGuid = {F20E941C-C258-446A-A8BC-CE2C735B4924}
	EndGlobalSection
EndGlobal
